
Microsoft Visual Studio Solution File, Format Version 12.00
# Visual Studio Version 17
VisualStudioVersion = 17.14.37027.9 d17.14
MinimumVisualStudioVersion = 10.0.40219.1
Project("{FAE04EC0-301F-11D3-BF4B-00C04F79EFBC}") = "DemoArchitechture", "DemoArchitechture.csproj", "{FE3AA4AB-2DCC-45AB-B793-C81A6A143D65}"
EndProject
Global
	GlobalSection(SolutionConfigurationPlatforms) = preSolution
		Debug|Any CPU = Debug|Any CPU
		Release|Any CPU = Release|Any CPU
	EndGlobalSection
	GlobalSection(ProjectConfigurationPlatforms) = postSolution
		{FE3AA4AB-2DCC-45AB-B793-C81A6A143D65}.Debug|Any CPU.ActiveCfg = Debug|Any CPU
		{FE3AA4AB-2DCC-45AB-B793-C81A6A143D65}.Debug|Any CPU.Build.0 = Debug|Any CPU
		{FE3AA4AB-2DCC-45AB-B793-C81A6A143D65}.Release|Any CPU.ActiveCfg = Release|Any CPU
		{FE3AA4AB-2DCC-45AB-B793-C81A6A143D65}.Release|Any CPU.Build.0 = Release|Any CPU
	EndGlobalSection
	GlobalSection(SolutionProperties) = preSolution
		HideSolutionNode = FALSE
	EndGlobalSection
	GlobalSection(ExtensibilityGlobals) = postSolution
		SolutionGuid = {8D92C1DC-6F69-483F-90F5-786DE6741EF1}
	EndGlobalSection
EndGlobal
